
Microsoft Visual Studio Solution File, Format Version 12.00
# Visual Studio Version 17
VisualStudioVersion = 17.14.36109.1 d17.14
MinimumVisualStudioVersion = 10.0.40219.1
Project("{8BC9CEB8-8B4A-11D0-8D11-00A0C91BC942}") = "SecventialMerge", "SecventialMerge\SecventialMerge.vcxproj", "{05A04325-56B2-477C-A6BB-2C533E939CFC}"
EndProject
Global
	GlobalSection(SolutionConfigurationPlatforms) = preSolution
		Debug|x64 = Debug|x64
		Debug|x86 = Debug|x86
		Release|x64 = Release|x64
		Release|x86 = Release|x86
	EndGlobalSection
	GlobalSection(ProjectConfigurationPlatforms) = postSolution
		{05A04325-56B2-477C-A6BB-2C533E939CFC}.Debug|x64.ActiveCfg = Debug|x64
		{05A04325-56B2-477C-A6BB-2C533E939CFC}.Debug|x64.Build.0 = Debug|x64
		{05A04325-56B2-477C-A6BB-2C533E939CFC}.Debug|x86.ActiveCfg = Debug|Win32
		{05A04325-56B2-477C-A6BB-2C533E939CFC}.Debug|x86.Build.0 = Debug|Win32
		{05A04325-56B2-477C-A6BB-2C533E939CFC}.Release|x64.ActiveCfg = Release|x64
		{05A04325-56B2-477C-A6BB-2C533E939CFC}.Release|x64.Build.0 = Release|x64
		{05A04325-56B2-477C-A6BB-2C533E939CFC}.Release|x86.ActiveCfg = Release|Win32
		{05A04325-56B2-477C-A6BB-2C533E939CFC}.Release|x86.Build.0 = Release|Win32
	EndGlobalSection
	GlobalSection(SolutionProperties) = preSolution
		HideSolutionNode = FALSE
	EndGlobalSection
	GlobalSection(ExtensibilityGlobals) = postSolution
		SolutionGuid = {2F3E1158-581A-4716-9638-76FB2FB8CBE0}
	EndGlobalSection
EndGlobal
